
Microsoft Visual Studio Solution File, Format Version 12.00
# Visual Studio Version 16
VisualStudioVersion = 16.0.34301.259
MinimumVisualStudioVersion = 10.0.40219.1
Project("{FAE04EC0-301F-11D3-BF4B-00C04F79EFBC}") = "SalesWebMvc", "SalesWebMvc\SalesWebMvc.csproj", "{2F51B766-953E-4490-BBE5-4D10242A350C}"
EndProject
Global
	GlobalSection(SolutionConfigurationPlatforms) = preSolution
		Debug|Any CPU = Debug|Any CPU
		Release|Any CPU = Release|Any CPU
	EndGlobalSection
	GlobalSection(ProjectConfigurationPlatforms) = postSolution
		{2F51B766-953E-4490-BBE5-4D10242A350C}.Debug|Any CPU.ActiveCfg = Debug|Any CPU
		{2F51B766-953E-4490-BBE5-4D10242A350C}.Debug|Any CPU.Build.0 = Debug|Any CPU
		{2F51B766-953E-4490-BBE5-4D10242A350C}.Release|Any CPU.ActiveCfg = Release|Any CPU
		{2F51B766-953E-4490-BBE5-4D10242A350C}.Release|Any CPU.Build.0 = Release|Any CPU
	EndGlobalSection
	GlobalSection(SolutionProperties) = preSolution
		HideSolutionNode = FALSE
	EndGlobalSection
	GlobalSection(ExtensibilityGlobals) = postSolution
		SolutionGuid = {86C9BDDF-5F43-4699-916C-2E5633D1A0E6}
	EndGlobalSection
EndGlobal
